
Microsoft Visual Studio Solution File, Format Version 12.00
# Visual Studio 2012
Project("{FAE04EC0-301F-11D3-BF4B-00C04F79EFBC}") = "OrderedJobsWebAPI", "OrderedJobsWebAPI\OrderedJobsWebAPI.csproj", "{E69776D0-DA9B-4903-B563-E6AA84D37C60}"
EndProject
Project("{FAE04EC0-301F-11D3-BF4B-00C04F79EFBC}") = "OrderedJobs.DataTwo", "OrderedJobs.DataTwo\OrderedJobs.DataTwo.csproj", "{8926E3C7-8DF7-4CD3-9674-B517804486C0}"
EndProject
Project("{FAE04EC0-301F-11D3-BF4B-00C04F79EFBC}") = "OrderedJobs.DomainTwo", "OrderedJobs.DomainTwo\OrderedJobs.DomainTwo.csproj", "{490CB96A-E677-4BEB-B160-C949F3E5B1B9}"
EndProject
Global
	GlobalSection(SolutionConfigurationPlatforms) = preSolution
		Debug|Any CPU = Debug|Any CPU
		Release|Any CPU = Release|Any CPU
	EndGlobalSection
	GlobalSection(ProjectConfigurationPlatforms) = postSolution
		{E69776D0-DA9B-4903-B563-E6AA84D37C60}.Debug|Any CPU.ActiveCfg = Debug|Any CPU
		{E69776D0-DA9B-4903-B563-E6AA84D37C60}.Debug|Any CPU.Build.0 = Debug|Any CPU
		{E69776D0-DA9B-4903-B563-E6AA84D37C60}.Release|Any CPU.ActiveCfg = Release|Any CPU
		{E69776D0-DA9B-4903-B563-E6AA84D37C60}.Release|Any CPU.Build.0 = Release|Any CPU
		{8926E3C7-8DF7-4CD3-9674-B517804486C0}.Debug|Any CPU.ActiveCfg = Debug|Any CPU
		{8926E3C7-8DF7-4CD3-9674-B517804486C0}.Debug|Any CPU.Build.0 = Debug|Any CPU
		{8926E3C7-8DF7-4CD3-9674-B517804486C0}.Release|Any CPU.ActiveCfg = Release|Any CPU
		{8926E3C7-8DF7-4CD3-9674-B517804486C0}.Release|Any CPU.Build.0 = Release|Any CPU
		{490CB96A-E677-4BEB-B160-C949F3E5B1B9}.Debug|Any CPU.ActiveCfg = Debug|Any CPU
		{490CB96A-E677-4BEB-B160-C949F3E5B1B9}.Debug|Any CPU.Build.0 = Debug|Any CPU
		{490CB96A-E677-4BEB-B160-C949F3E5B1B9}.Release|Any CPU.ActiveCfg = Release|Any CPU
		{490CB96A-E677-4BEB-B160-C949F3E5B1B9}.Release|Any CPU.Build.0 = Release|Any CPU
	EndGlobalSection
EndGlobal
